
Microsoft Visual Studio Solution File, Format Version 12.00
# Visual Studio 2012
Project("{A0786B88-2ADB-4C21-ABE8-AA2D79766269}") = "PHPWebProject1", "PHPWebProject1\PHPWebProject1.phpproj", "{89C981D1-D503-47B8-A2B7-00A4DA8DB277}"
EndProject
Global
	GlobalSection(SolutionConfigurationPlatforms) = preSolution
		Debug|Any CPU = Debug|Any CPU
		Release|Any CPU = Release|Any CPU
	EndGlobalSection
	GlobalSection(ProjectConfigurationPlatforms) = postSolution
		{89C981D1-D503-47B8-A2B7-00A4DA8DB277}.Debug|Any CPU.ActiveCfg = Debug|Any CPU
		{89C981D1-D503-47B8-A2B7-00A4DA8DB277}.Debug|Any CPU.Build.0 = Debug|Any CPU
		{89C981D1-D503-47B8-A2B7-00A4DA8DB277}.Release|Any CPU.ActiveCfg = Release|Any CPU
		{89C981D1-D503-47B8-A2B7-00A4DA8DB277}.Release|Any CPU.Build.0 = Release|Any CPU
	EndGlobalSection
	GlobalSection(SolutionProperties) = preSolution
		HideSolutionNode = FALSE
	EndGlobalSection
EndGlobal
